
Microsoft Visual Studio Solution File, Format Version 12.00
Project("{FAE04EC0-301F-11D3-BF4B-00C04F79EFBC}") = "AspNetCore.Identity", "AspNetCore.Identity\AspNetCore.Identity.csproj", "{9E665E24-FD35-4E1F-A171-C4FF3F681696}"
EndProject
Global
	GlobalSection(SolutionConfigurationPlatforms) = preSolution
		Debug|Any CPU = Debug|Any CPU
		Release|Any CPU = Release|Any CPU
	EndGlobalSection
	GlobalSection(ProjectConfigurationPlatforms) = postSolution
		{9E665E24-FD35-4E1F-A171-C4FF3F681696}.Debug|Any CPU.ActiveCfg = Debug|Any CPU
		{9E665E24-FD35-4E1F-A171-C4FF3F681696}.Debug|Any CPU.Build.0 = Debug|Any CPU
		{9E665E24-FD35-4E1F-A171-C4FF3F681696}.Release|Any CPU.ActiveCfg = Release|Any CPU
		{9E665E24-FD35-4E1F-A171-C4FF3F681696}.Release|Any CPU.Build.0 = Release|Any CPU
	EndGlobalSection
EndGlobal
